{
    "_readme": [
        "This file locks the dependencies of your project to a known state",
        "Read more about it at http://getcomposer.org/doc/01-basic-usage.md#composer-lock-the-lock-file"
    ],
    "hash": "34496b98bdeb6c28dfbf7e903e67e88a",
    "packages": [
        {
            "name": "leafo/scssphp",
            "version": "0.1.1",
            "dist": {
                "type": "zip",
                "url": "https://github.com/leafo/scssphp/archive/v0.1.1.zip",
                "reference": null,
                "shasum": null
            },
            "type": "library"
        }
    ],
    "packages-dev": [

    ],
    "aliases": [

    ],
    "minimum-stability": "stable",
    "stability-flags": [

    ],
    "platform": [

    ],
    "platform-dev": [

    ]
}
